
Microsoft Visual Studio Solution File, Format Version 12.00
# Visual Studio Version 16
VisualStudioVersion = 16.0.31729.503
MinimumVisualStudioVersion = 10.0.40219.1
Project("{9A19103F-16F7-4668-BE54-9A1E7A4F7556}") = "MKTFY.Api", "MKTFY.Api\MKTFY.Api.csproj", "{E9920A15-7DA0-4039-B92A-CA816E398B21}"
EndProject
Project("{E53339B2-1760-4266-BCC7-CA923CBCF16C}") = "docker-compose", "docker-compose.dcproj", "{91300B73-D890-44B2-96C4-191EE7A10BA0}"
EndProject
Project("{9A19103F-16F7-4668-BE54-9A1E7A4F7556}") = "MKTFY.Services", "MKTFY.Services\MKTFY.Services.csproj", "{49E73BF6-BFE5-47AD-9F88-17ABAE42CFDF}"
EndProject
Project("{9A19103F-16F7-4668-BE54-9A1E7A4F7556}") = "MKTFY.Repositories", "MKTFY.Repositories\MKTFY.Repositories.csproj", "{71021731-88F1-4A40-9C8B-992B7ABE7323}"
EndProject
Project("{9A19103F-16F7-4668-BE54-9A1E7A4F7556}") = "MKTFY.Models", "MKTFY.Models\MKTFY.Models.csproj", "{362BADAB-1C5E-444A-8801-AF74780B09BE}"
EndProject
Project("{2150E333-8FDC-42A3-9474-1A3956D46DE8}") = "Solution Items", "Solution Items", "{15B50577-9452-4403-986F-81E575C7D353}"
	ProjectSection(SolutionItems) = preProject
		.gitignore = .gitignore
		buildspec.api.yml = buildspec.api.yml
		Dockerrun.aws.json = Dockerrun.aws.json
	EndProjectSection
EndProject
Project("{9A19103F-16F7-4668-BE54-9A1E7A4F7556}") = "MKTFY.Shared", "MKTFY.Shared\MKTFY.Shared.csproj", "{13419CA0-F93A-4598-8B9E-116D8B93C0AD}"
EndProject
Global
	GlobalSection(SolutionConfigurationPlatforms) = preSolution
		Debug|Any CPU = Debug|Any CPU
		Release|Any CPU = Release|Any CPU
	EndGlobalSection
	GlobalSection(ProjectConfigurationPlatforms) = postSolution
		{E9920A15-7DA0-4039-B92A-CA816E398B21}.Debug|Any CPU.ActiveCfg = Debug|Any CPU
		{E9920A15-7DA0-4039-B92A-CA816E398B21}.Debug|Any CPU.Build.0 = Debug|Any CPU
		{E9920A15-7DA0-4039-B92A-CA816E398B21}.Release|Any CPU.ActiveCfg = Release|Any CPU
		{E9920A15-7DA0-4039-B92A-CA816E398B21}.Release|Any CPU.Build.0 = Release|Any CPU
		{91300B73-D890-44B2-96C4-191EE7A10BA0}.Debug|Any CPU.ActiveCfg = Debug|Any CPU
		{91300B73-D890-44B2-96C4-191EE7A10BA0}.Debug|Any CPU.Build.0 = Debug|Any CPU
		{91300B73-D890-44B2-96C4-191EE7A10BA0}.Release|Any CPU.ActiveCfg = Release|Any CPU
		{91300B73-D890-44B2-96C4-191EE7A10BA0}.Release|Any CPU.Build.0 = Release|Any CPU
		{49E73BF6-BFE5-47AD-9F88-17ABAE42CFDF}.Debug|Any CPU.ActiveCfg = Debug|Any CPU
		{49E73BF6-BFE5-47AD-9F88-17ABAE42CFDF}.Debug|Any CPU.Build.0 = Debug|Any CPU
		{49E73BF6-BFE5-47AD-9F88-17ABAE42CFDF}.Release|Any CPU.ActiveCfg = Release|Any CPU
		{49E73BF6-BFE5-47AD-9F88-17ABAE42CFDF}.Release|Any CPU.Build.0 = Release|Any CPU
		{71021731-88F1-4A40-9C8B-992B7ABE7323}.Debug|Any CPU.ActiveCfg = Debug|Any CPU
		{71021731-88F1-4A40-9C8B-992B7ABE7323}.Debug|Any CPU.Build.0 = Debug|Any CPU
		{71021731-88F1-4A40-9C8B-992B7ABE7323}.Release|Any CPU.ActiveCfg = Release|Any CPU
		{71021731-88F1-4A40-9C8B-992B7ABE7323}.Release|Any CPU.Build.0 = Release|Any CPU
		{362BADAB-1C5E-444A-8801-AF74780B09BE}.Debug|Any CPU.ActiveCfg = Debug|Any CPU
		{362BADAB-1C5E-444A-8801-AF74780B09BE}.Debug|Any CPU.Build.0 = Debug|Any CPU
		{362BADAB-1C5E-444A-8801-AF74780B09BE}.Release|Any CPU.ActiveCfg = Release|Any CPU
		{362BADAB-1C5E-444A-8801-AF74780B09BE}.Release|Any CPU.Build.0 = Release|Any CPU
		{13419CA0-F93A-4598-8B9E-116D8B93C0AD}.Debug|Any CPU.ActiveCfg = Debug|Any CPU
		{13419CA0-F93A-4598-8B9E-116D8B93C0AD}.Debug|Any CPU.Build.0 = Debug|Any CPU
		{13419CA0-F93A-4598-8B9E-116D8B93C0AD}.Release|Any CPU.ActiveCfg = Release|Any CPU
		{13419CA0-F93A-4598-8B9E-116D8B93C0AD}.Release|Any CPU.Build.0 = Release|Any CPU
	EndGlobalSection
	GlobalSection(SolutionProperties) = preSolution
		HideSolutionNode = FALSE
	EndGlobalSection
	GlobalSection(ExtensibilityGlobals) = postSolution
		SolutionGuid = {14B90C41-A28A-4677-997F-AF6C2448C42A}
	EndGlobalSection
EndGlobal
